
Microsoft Visual Studio Solution File, Format Version 12.00
# Visual Studio Version 17
VisualStudioVersion = 17.0.31903.59
MinimumVisualStudioVersion = 10.0.40219.1
Project("{2150E333-8FDC-42A3-9474-1A3956D46DE8}") = "Common", "Common", "{881589EE-639B-0A35-DBCE-5D94E4FC90C0}"
EndProject
Project("{FAE04EC0-301F-11D3-BF4B-00C04F79EFBC}") = "EShop.SharedKernel", "src\Common\EShop.SharedKernel\EShop.SharedKernel.csproj", "{04E83FD1-B11F-4A2C-8B07-97F8B1ADE0B4}"
EndProject
Project("{FAE04EC0-301F-11D3-BF4B-00C04F79EFBC}") = "EShop.Contracts", "src\Common\EShop.Contracts\EShop.Contracts.csproj", "{A1642D14-9890-4A50-AC5C-4B4CBD7B6EF1}"
EndProject
Project("{FAE04EC0-301F-11D3-BF4B-00C04F79EFBC}") = "EShop.Grpc", "src\Common\EShop.Grpc\EShop.Grpc.csproj", "{8F9ADDAB-A1A3-46CF-83D9-D360D7304F75}"
EndProject
Project("{FAE04EC0-301F-11D3-BF4B-00C04F79EFBC}") = "EShop.Common", "src\Common\EShop.Common\EShop.Common.csproj", "{33774A62-0281-4F49-9C6A-678D7C76467B}"
EndProject
Project("{FAE04EC0-301F-11D3-BF4B-00C04F79EFBC}") = "EShop.ServiceClients", "src\Common\EShop.ServiceClients\EShop.ServiceClients.csproj", "{ECD8BABE-09E9-437C-8618-D0CAA672F0F7}"
EndProject
Project("{2150E333-8FDC-42A3-9474-1A3956D46DE8}") = "src", "src", "{827E0CD3-B72D-47B6-A68D-7590B98EB39B}"
EndProject
Project("{2150E333-8FDC-42A3-9474-1A3956D46DE8}") = "Common", "Common", "{BFF2DF6E-AA54-47C7-211F-79ACCBB4577C}"
EndProject
Project("{FAE04EC0-301F-11D3-BF4B-00C04F79EFBC}") = "EShop.RoslynAnalyzers", "src\Common\EShop.RoslynAnalyzers\EShop.RoslynAnalyzers.csproj", "{59A4E699-A5C7-4FC0-997D-45A963922E2B}"
EndProject
Project("{2150E333-8FDC-42A3-9474-1A3956D46DE8}") = "ServiceDefaults", "ServiceDefaults", "{5FC1494C-0D8C-79D1-FFF2-37E95F57AB9F}"
EndProject
Project("{FAE04EC0-301F-11D3-BF4B-00C04F79EFBC}") = "EShop.ServiceDefaults", "src\ServiceDefaults\EShop.ServiceDefaults.csproj", "{84F6C814-B7B0-413C-902E-BBF84FDC6FB4}"
EndProject
Project("{2150E333-8FDC-42A3-9474-1A3956D46DE8}") = "AppHost", "AppHost", "{63882A7C-90E5-DEE3-63BB-E6ABDBC8A365}"
EndProject
Project("{FAE04EC0-301F-11D3-BF4B-00C04F79EFBC}") = "EShop.AppHost", "src\AppHost\EShop.AppHost.csproj", "{C4264D57-3E30-4A98-AF65-58280A874F53}"
EndProject
Project("{2150E333-8FDC-42A3-9474-1A3956D46DE8}") = "Services", "Services", "{984BB9B3-3FA3-BE33-9484-CAC21695A33C}"
EndProject
Project("{2150E333-8FDC-42A3-9474-1A3956D46DE8}") = "Products", "Products", "{374CED38-7421-B0F7-DFE2-3AF3B9F49E7C}"
EndProject
Project("{FAE04EC0-301F-11D3-BF4B-00C04F79EFBC}") = "Products.Domain", "src\Services\Products\Products.Domain\Products.Domain.csproj", "{BED58913-D17A-43FA-8A34-E62EEF922AEC}"
EndProject
Project("{FAE04EC0-301F-11D3-BF4B-00C04F79EFBC}") = "Products.Application", "src\Services\Products\Products.Application\Products.Application.csproj", "{4051F2B8-18ED-40C3-A1B6-DA3CA922CA9D}"
EndProject
Project("{FAE04EC0-301F-11D3-BF4B-00C04F79EFBC}") = "Products.Infrastructure", "src\Services\Products\Products.Infrastructure\Products.Infrastructure.csproj", "{AE6146DB-BFE6-40DF-8F02-6C670890BFB0}"
EndProject
Project("{FAE04EC0-301F-11D3-BF4B-00C04F79EFBC}") = "Products.API", "src\Services\Products\Products.API\Products.API.csproj", "{6544F0D3-F51B-4495-BC51-DF41B64F0E67}"
EndProject
Project("{2150E333-8FDC-42A3-9474-1A3956D46DE8}") = "Order", "Order", "{B851199A-4979-E597-3D50-97AC5992BBAF}"
EndProject
Project("{FAE04EC0-301F-11D3-BF4B-00C04F79EFBC}") = "Order.Domain", "src\Services\Order\Order.Domain\Order.Domain.csproj", "{15639439-E461-4B34-BA25-8CBC1318DD8E}"
EndProject
Project("{FAE04EC0-301F-11D3-BF4B-00C04F79EFBC}") = "Order.Application", "src\Services\Order\Order.Application\Order.Application.csproj", "{12CE68F4-3E47-4619-A3C6-57CB1110B284}"
EndProject
Project("{FAE04EC0-301F-11D3-BF4B-00C04F79EFBC}") = "Order.Infrastructure", "src\Services\Order\Order.Infrastructure\Order.Infrastructure.csproj", "{84057EF9-82BD-4A0E-BEBD-580B068B1846}"
EndProject
Project("{FAE04EC0-301F-11D3-BF4B-00C04F79EFBC}") = "Order.API", "src\Services\Order\Order.API\Order.API.csproj", "{C18BA9B0-B7CF-4901-B148-0B4F999EC0E6}"
EndProject
Project("{2150E333-8FDC-42A3-9474-1A3956D46DE8}") = "tests", "tests", "{0AB3BF05-4346-4AA6-1389-037BE0695223}"
EndProject
Project("{FAE04EC0-301F-11D3-BF4B-00C04F79EFBC}") = "EShop.ArchitectureTests", "tests\EShop.ArchitectureTests\EShop.ArchitectureTests.csproj", "{D32250CF-3F57-41B4-BD06-73DE2C24009E}"
EndProject
Project("{2150E333-8FDC-42A3-9474-1A3956D46DE8}") = "Notification", "Notification", "{C5FBE174-8E0F-F5A3-B929-8BD0C55C0A32}"
EndProject
Project("{FAE04EC0-301F-11D3-BF4B-00C04F79EFBC}") = "EShop.NotificationService", "src\Services\Notification\EShop.NotificationService.csproj", "{8A4C2A0B-390C-45BE-9FAF-0B5D965AB448}"
EndProject
Global
	GlobalSection(SolutionConfigurationPlatforms) = preSolution
		Debug|Any CPU = Debug|Any CPU
		Debug|x64 = Debug|x64
		Debug|x86 = Debug|x86
		Release|Any CPU = Release|Any CPU
		Release|x64 = Release|x64
		Release|x86 = Release|x86
	EndGlobalSection
	GlobalSection(ProjectConfigurationPlatforms) = postSolution
		{04E83FD1-B11F-4A2C-8B07-97F8B1ADE0B4}.Debug|Any CPU.ActiveCfg = Debug|Any CPU
		{04E83FD1-B11F-4A2C-8B07-97F8B1ADE0B4}.Debug|Any CPU.Build.0 = Debug|Any CPU
		{04E83FD1-B11F-4A2C-8B07-97F8B1ADE0B4}.Debug|x64.ActiveCfg = Debug|Any CPU
		{04E83FD1-B11F-4A2C-8B07-97F8B1ADE0B4}.Debug|x64.Build.0 = Debug|Any CPU
		{04E83FD1-B11F-4A2C-8B07-97F8B1ADE0B4}.Debug|x86.ActiveCfg = Debug|Any CPU
		{04E83FD1-B11F-4A2C-8B07-97F8B1ADE0B4}.Debug|x86.Build.0 = Debug|Any CPU
		{04E83FD1-B11F-4A2C-8B07-97F8B1ADE0B4}.Release|Any CPU.ActiveCfg = Release|Any CPU
		{04E83FD1-B11F-4A2C-8B07-97F8B1ADE0B4}.Release|Any CPU.Build.0 = Release|Any CPU
		{04E83FD1-B11F-4A2C-8B07-97F8B1ADE0B4}.Release|x64.ActiveCfg = Release|Any CPU
		{04E83FD1-B11F-4A2C-8B07-97F8B1ADE0B4}.Release|x64.Build.0 = Release|Any CPU
		{04E83FD1-B11F-4A2C-8B07-97F8B1ADE0B4}.Release|x86.ActiveCfg = Release|Any CPU
		{04E83FD1-B11F-4A2C-8B07-97F8B1ADE0B4}.Release|x86.Build.0 = Release|Any CPU
		{A1642D14-9890-4A50-AC5C-4B4CBD7B6EF1}.Debug|Any CPU.ActiveCfg = Debug|Any CPU
		{A1642D14-9890-4A50-AC5C-4B4CBD7B6EF1}.Debug|Any CPU.Build.0 = Debug|Any CPU
		{A1642D14-9890-4A50-AC5C-4B4CBD7B6EF1}.Debug|x64.ActiveCfg = Debug|Any CPU
		{A1642D14-9890-4A50-AC5C-4B4CBD7B6EF1}.Debug|x64.Build.0 = Debug|Any CPU
		{A1642D14-9890-4A50-AC5C-4B4CBD7B6EF1}.Debug|x86.ActiveCfg = Debug|Any CPU
		{A1642D14-9890-4A50-AC5C-4B4CBD7B6EF1}.Debug|x86.Build.0 = Debug|Any CPU
		{A1642D14-9890-4A50-AC5C-4B4CBD7B6EF1}.Release|Any CPU.ActiveCfg = Release|Any CPU
		{A1642D14-9890-4A50-AC5C-4B4CBD7B6EF1}.Release|Any CPU.Build.0 = Release|Any CPU
		{A1642D14-9890-4A50-AC5C-4B4CBD7B6EF1}.Release|x64.ActiveCfg = Release|Any CPU
		{A1642D14-9890-4A50-AC5C-4B4CBD7B6EF1}.Release|x64.Build.0 = Release|Any CPU
		{A1642D14-9890-4A50-AC5C-4B4CBD7B6EF1}.Release|x86.ActiveCfg = Release|Any CPU
		{A1642D14-9890-4A50-AC5C-4B4CBD7B6EF1}.Release|x86.Build.0 = Release|Any CPU
		{8F9ADDAB-A1A3-46CF-83D9-D360D7304F75}.Debug|Any CPU.ActiveCfg = Debug|Any CPU
		{8F9ADDAB-A1A3-46CF-83D9-D360D7304F75}.Debug|Any CPU.Build.0 = Debug|Any CPU
		{8F9ADDAB-A1A3-46CF-83D9-D360D7304F75}.Debug|x64.ActiveCfg = Debug|Any CPU
		{8F9ADDAB-A1A3-46CF-83D9-D360D7304F75}.Debug|x64.Build.0 = Debug|Any CPU
		{8F9ADDAB-A1A3-46CF-83D9-D360D7304F75}.Debug|x86.ActiveCfg = Debug|Any CPU
		{8F9ADDAB-A1A3-46CF-83D9-D360D7304F75}.Debug|x86.Build.0 = Debug|Any CPU
		{8F9ADDAB-A1A3-46CF-83D9-D360D7304F75}.Release|Any CPU.ActiveCfg = Release|Any CPU
		{8F9ADDAB-A1A3-46CF-83D9-D360D7304F75}.Release|Any CPU.Build.0 = Release|Any CPU
		{8F9ADDAB-A1A3-46CF-83D9-D360D7304F75}.Release|x64.ActiveCfg = Release|Any CPU
		{8F9ADDAB-A1A3-46CF-83D9-D360D7304F75}.Release|x64.Build.0 = Release|Any CPU
		{8F9ADDAB-A1A3-46CF-83D9-D360D7304F75}.Release|x86.ActiveCfg = Release|Any CPU
		{8F9ADDAB-A1A3-46CF-83D9-D360D7304F75}.Release|x86.Build.0 = Release|Any CPU
		{33774A62-0281-4F49-9C6A-678D7C76467B}.Debug|Any CPU.ActiveCfg = Debug|Any CPU
		{33774A62-0281-4F49-9C6A-678D7C76467B}.Debug|Any CPU.Build.0 = Debug|Any CPU
		{33774A62-0281-4F49-9C6A-678D7C76467B}.Debug|x64.ActiveCfg = Debug|Any CPU
		{33774A62-0281-4F49-9C6A-678D7C76467B}.Debug|x64.Build.0 = Debug|Any CPU
		{33774A62-0281-4F49-9C6A-678D7C76467B}.Debug|x86.ActiveCfg = Debug|Any CPU
		{33774A62-0281-4F49-9C6A-678D7C76467B}.Debug|x86.Build.0 = Debug|Any CPU
		{33774A62-0281-4F49-9C6A-678D7C76467B}.Release|Any CPU.ActiveCfg = Release|Any CPU
		{33774A62-0281-4F49-9C6A-678D7C76467B}.Release|Any CPU.Build.0 = Release|Any CPU
		{33774A62-0281-4F49-9C6A-678D7C76467B}.Release|x64.ActiveCfg = Release|Any CPU
		{33774A62-0281-4F49-9C6A-678D7C76467B}.Release|x64.Build.0 = Release|Any CPU
		{33774A62-0281-4F49-9C6A-678D7C76467B}.Release|x86.ActiveCfg = Release|Any CPU
		{33774A62-0281-4F49-9C6A-678D7C76467B}.Release|x86.Build.0 = Release|Any CPU
		{ECD8BABE-09E9-437C-8618-D0CAA672F0F7}.Debug|Any CPU.ActiveCfg = Debug|Any CPU
		{ECD8BABE-09E9-437C-8618-D0CAA672F0F7}.Debug|Any CPU.Build.0 = Debug|Any CPU
		{ECD8BABE-09E9-437C-8618-D0CAA672F0F7}.Debug|x64.ActiveCfg = Debug|Any CPU
		{ECD8BABE-09E9-437C-8618-D0CAA672F0F7}.Debug|x64.Build.0 = Debug|Any CPU
		{ECD8BABE-09E9-437C-8618-D0CAA672F0F7}.Debug|x86.ActiveCfg = Debug|Any CPU
		{ECD8BABE-09E9-437C-8618-D0CAA672F0F7}.Debug|x86.Build.0 = Debug|Any CPU
		{ECD8BABE-09E9-437C-8618-D0CAA672F0F7}.Release|Any CPU.ActiveCfg = Release|Any CPU
		{ECD8BABE-09E9-437C-8618-D0CAA672F0F7}.Release|Any CPU.Build.0 = Release|Any CPU
		{ECD8BABE-09E9-437C-8618-D0CAA672F0F7}.Release|x64.ActiveCfg = Release|Any CPU
		{ECD8BABE-09E9-437C-8618-D0CAA672F0F7}.Release|x64.Build.0 = Release|Any CPU
		{ECD8BABE-09E9-437C-8618-D0CAA672F0F7}.Release|x86.ActiveCfg = Release|Any CPU
		{ECD8BABE-09E9-437C-8618-D0CAA672F0F7}.Release|x86.Build.0 = Release|Any CPU
		{59A4E699-A5C7-4FC0-997D-45A963922E2B}.Debug|Any CPU.ActiveCfg = Debug|Any CPU
		{59A4E699-A5C7-4FC0-997D-45A963922E2B}.Debug|Any CPU.Build.0 = Debug|Any CPU
		{59A4E699-A5C7-4FC0-997D-45A963922E2B}.Debug|x64.ActiveCfg = Debug|Any CPU
		{59A4E699-A5C7-4FC0-997D-45A963922E2B}.Debug|x64.Build.0 = Debug|Any CPU
		{59A4E699-A5C7-4FC0-997D-45A963922E2B}.Debug|x86.ActiveCfg = Debug|Any CPU
		{59A4E699-A5C7-4FC0-997D-45A963922E2B}.Debug|x86.Build.0 = Debug|Any CPU
		{59A4E699-A5C7-4FC0-997D-45A963922E2B}.Release|Any CPU.ActiveCfg = Release|Any CPU
		{59A4E699-A5C7-4FC0-997D-45A963922E2B}.Release|Any CPU.Build.0 = Release|Any CPU
		{59A4E699-A5C7-4FC0-997D-45A963922E2B}.Release|x64.ActiveCfg = Release|Any CPU
		{59A4E699-A5C7-4FC0-997D-45A963922E2B}.Release|x64.Build.0 = Release|Any CPU
		{59A4E699-A5C7-4FC0-997D-45A963922E2B}.Release|x86.ActiveCfg = Release|Any CPU
		{59A4E699-A5C7-4FC0-997D-45A963922E2B}.Release|x86.Build.0 = Release|Any CPU
		{84F6C814-B7B0-413C-902E-BBF84FDC6FB4}.Debug|Any CPU.ActiveCfg = Debug|Any CPU
		{84F6C814-B7B0-413C-902E-BBF84FDC6FB4}.Debug|Any CPU.Build.0 = Debug|Any CPU
		{84F6C814-B7B0-413C-902E-BBF84FDC6FB4}.Debug|x64.ActiveCfg = Debug|Any CPU
		{84F6C814-B7B0-413C-902E-BBF84FDC6FB4}.Debug|x64.Build.0 = Debug|Any CPU
		{84F6C814-B7B0-413C-902E-BBF84FDC6FB4}.Debug|x86.ActiveCfg = Debug|Any CPU
		{84F6C814-B7B0-413C-902E-BBF84FDC6FB4}.Debug|x86.Build.0 = Debug|Any CPU
		{84F6C814-B7B0-413C-902E-BBF84FDC6FB4}.Release|Any CPU.ActiveCfg = Release|Any CPU
		{84F6C814-B7B0-413C-902E-BBF84FDC6FB4}.Release|Any CPU.Build.0 = Release|Any CPU
		{84F6C814-B7B0-413C-902E-BBF84FDC6FB4}.Release|x64.ActiveCfg = Release|Any CPU
		{84F6C814-B7B0-413C-902E-BBF84FDC6FB4}.Release|x64.Build.0 = Release|Any CPU
		{84F6C814-B7B0-413C-902E-BBF84FDC6FB4}.Release|x86.ActiveCfg = Release|Any CPU
		{84F6C814-B7B0-413C-902E-BBF84FDC6FB4}.Release|x86.Build.0 = Release|Any CPU
		{C4264D57-3E30-4A98-AF65-58280A874F53}.Debug|Any CPU.ActiveCfg = Debug|Any CPU
		{C4264D57-3E30-4A98-AF65-58280A874F53}.Debug|Any CPU.Build.0 = Debug|Any CPU
		{C4264D57-3E30-4A98-AF65-58280A874F53}.Debug|x64.ActiveCfg = Debug|Any CPU
		{C4264D57-3E30-4A98-AF65-58280A874F53}.Debug|x64.Build.0 = Debug|Any CPU
		{C4264D57-3E30-4A98-AF65-58280A874F53}.Debug|x86.ActiveCfg = Debug|Any CPU
		{C4264D57-3E30-4A98-AF65-58280A874F53}.Debug|x86.Build.0 = Debug|Any CPU
		{C4264D57-3E30-4A98-AF65-58280A874F53}.Release|Any CPU.ActiveCfg = Release|Any CPU
		{C4264D57-3E30-4A98-AF65-58280A874F53}.Release|Any CPU.Build.0 = Release|Any CPU
		{C4264D57-3E30-4A98-AF65-58280A874F53}.Release|x64.ActiveCfg = Release|Any CPU
		{C4264D57-3E30-4A98-AF65-58280A874F53}.Release|x64.Build.0 = Release|Any CPU
		{C4264D57-3E30-4A98-AF65-58280A874F53}.Release|x86.ActiveCfg = Release|Any CPU
		{C4264D57-3E30-4A98-AF65-58280A874F53}.Release|x86.Build.0 = Release|Any CPU
		{BED58913-D17A-43FA-8A34-E62EEF922AEC}.Debug|Any CPU.ActiveCfg = Debug|Any CPU
		{BED58913-D17A-43FA-8A34-E62EEF922AEC}.Debug|Any CPU.Build.0 = Debug|Any CPU
		{BED58913-D17A-43FA-8A34-E62EEF922AEC}.Debug|x64.ActiveCfg = Debug|Any CPU
		{BED58913-D17A-43FA-8A34-E62EEF922AEC}.Debug|x64.Build.0 = Debug|Any CPU
		{BED58913-D17A-43FA-8A34-E62EEF922AEC}.Debug|x86.ActiveCfg = Debug|Any CPU
		{BED58913-D17A-43FA-8A34-E62EEF922AEC}.Debug|x86.Build.0 = Debug|Any CPU
		{BED58913-D17A-43FA-8A34-E62EEF922AEC}.Release|Any CPU.ActiveCfg = Release|Any CPU
		{BED58913-D17A-43FA-8A34-E62EEF922AEC}.Release|Any CPU.Build.0 = Release|Any CPU
		{BED58913-D17A-43FA-8A34-E62EEF922AEC}.Release|x64.ActiveCfg = Release|Any CPU
		{BED58913-D17A-43FA-8A34-E62EEF922AEC}.Release|x64.Build.0 = Release|Any CPU
		{BED58913-D17A-43FA-8A34-E62EEF922AEC}.Release|x86.ActiveCfg = Release|Any CPU
		{BED58913-D17A-43FA-8A34-E62EEF922AEC}.Release|x86.Build.0 = Release|Any CPU
		{4051F2B8-18ED-40C3-A1B6-DA3CA922CA9D}.Debug|Any CPU.ActiveCfg = Debug|Any CPU
		{4051F2B8-18ED-40C3-A1B6-DA3CA922CA9D}.Debug|Any CPU.Build.0 = Debug|Any CPU
		{4051F2B8-18ED-40C3-A1B6-DA3CA922CA9D}.Debug|x64.ActiveCfg = Debug|Any CPU
		{4051F2B8-18ED-40C3-A1B6-DA3CA922CA9D}.Debug|x64.Build.0 = Debug|Any CPU
		{4051F2B8-18ED-40C3-A1B6-DA3CA922CA9D}.Debug|x86.ActiveCfg = Debug|Any CPU
		{4051F2B8-18ED-40C3-A1B6-DA3CA922CA9D}.Debug|x86.Build.0 = Debug|Any CPU
		{4051F2B8-18ED-40C3-A1B6-DA3CA922CA9D}.Release|Any CPU.ActiveCfg = Release|Any CPU
		{4051F2B8-18ED-40C3-A1B6-DA3CA922CA9D}.Release|Any CPU.Build.0 = Release|Any CPU
		{4051F2B8-18ED-40C3-A1B6-DA3CA922CA9D}.Release|x64.ActiveCfg = Release|Any CPU
		{4051F2B8-18ED-40C3-A1B6-DA3CA922CA9D}.Release|x64.Build.0 = Release|Any CPU
		{4051F2B8-18ED-40C3-A1B6-DA3CA922CA9D}.Release|x86.ActiveCfg = Release|Any CPU
		{4051F2B8-18ED-40C3-A1B6-DA3CA922CA9D}.Release|x86.Build.0 = Release|Any CPU
		{AE6146DB-BFE6-40DF-8F02-6C670890BFB0}.Debug|Any CPU.ActiveCfg = Debug|Any CPU
		{AE6146DB-BFE6-40DF-8F02-6C670890BFB0}.Debug|Any CPU.Build.0 = Debug|Any CPU
		{AE6146DB-BFE6-40DF-8F02-6C670890BFB0}.Debug|x64.ActiveCfg = Debug|Any CPU
		{AE6146DB-BFE6-40DF-8F02-6C670890BFB0}.Debug|x64.Build.0 = Debug|Any CPU
		{AE6146DB-BFE6-40DF-8F02-6C670890BFB0}.Debug|x86.ActiveCfg = Debug|Any CPU
		{AE6146DB-BFE6-40DF-8F02-6C670890BFB0}.Debug|x86.Build.0 = Debug|Any CPU
		{AE6146DB-BFE6-40DF-8F02-6C670890BFB0}.Release|Any CPU.ActiveCfg = Release|Any CPU
		{AE6146DB-BFE6-40DF-8F02-6C670890BFB0}.Release|Any CPU.Build.0 = Release|Any CPU
		{AE6146DB-BFE6-40DF-8F02-6C670890BFB0}.Release|x64.ActiveCfg = Release|Any CPU
		{AE6146DB-BFE6-40DF-8F02-6C670890BFB0}.Release|x64.Build.0 = Release|Any CPU
		{AE6146DB-BFE6-40DF-8F02-6C670890BFB0}.Release|x86.ActiveCfg = Release|Any CPU
		{AE6146DB-BFE6-40DF-8F02-6C670890BFB0}.Release|x86.Build.0 = Release|Any CPU
		{6544F0D3-F51B-4495-BC51-DF41B64F0E67}.Debug|Any CPU.ActiveCfg = Debug|Any CPU
		{6544F0D3-F51B-4495-BC51-DF41B64F0E67}.Debug|Any CPU.Build.0 = Debug|Any CPU
		{6544F0D3-F51B-4495-BC51-DF41B64F0E67}.Debug|x64.ActiveCfg = Debug|Any CPU
		{6544F0D3-F51B-4495-BC51-DF41B64F0E67}.Debug|x64.Build.0 = Debug|Any CPU
		{6544F0D3-F51B-4495-BC51-DF41B64F0E67}.Debug|x86.ActiveCfg = Debug|Any CPU
		{6544F0D3-F51B-4495-BC51-DF41B64F0E67}.Debug|x86.Build.0 = Debug|Any CPU
		{6544F0D3-F51B-4495-BC51-DF41B64F0E67}.Release|Any CPU.ActiveCfg = Release|Any CPU
		{6544F0D3-F51B-4495-BC51-DF41B64F0E67}.Release|Any CPU.Build.0 = Release|Any CPU
		{6544F0D3-F51B-4495-BC51-DF41B64F0E67}.Release|x64.ActiveCfg = Release|Any CPU
		{6544F0D3-F51B-4495-BC51-DF41B64F0E67}.Release|x64.Build.0 = Release|Any CPU
		{6544F0D3-F51B-4495-BC51-DF41B64F0E67}.Release|x86.ActiveCfg = Release|Any CPU
		{6544F0D3-F51B-4495-BC51-DF41B64F0E67}.Release|x86.Build.0 = Release|Any CPU
		{15639439-E461-4B34-BA25-8CBC1318DD8E}.Debug|Any CPU.ActiveCfg = Debug|Any CPU
		{15639439-E461-4B34-BA25-8CBC1318DD8E}.Debug|Any CPU.Build.0 = Debug|Any CPU
		{15639439-E461-4B34-BA25-8CBC1318DD8E}.Debug|x64.ActiveCfg = Debug|Any CPU
		{15639439-E461-4B34-BA25-8CBC1318DD8E}.Debug|x64.Build.0 = Debug|Any CPU
		{15639439-E461-4B34-BA25-8CBC1318DD8E}.Debug|x86.ActiveCfg = Debug|Any CPU
		{15639439-E461-4B34-BA25-8CBC1318DD8E}.Debug|x86.Build.0 = Debug|Any CPU
		{15639439-E461-4B34-BA25-8CBC1318DD8E}.Release|Any CPU.ActiveCfg = Release|Any CPU
		{15639439-E461-4B34-BA25-8CBC1318DD8E}.Release|Any CPU.Build.0 = Release|Any CPU
		{15639439-E461-4B34-BA25-8CBC1318DD8E}.Release|x64.ActiveCfg = Release|Any CPU
		{15639439-E461-4B34-BA25-8CBC1318DD8E}.Release|x64.Build.0 = Release|Any CPU
		{15639439-E461-4B34-BA25-8CBC1318DD8E}.Release|x86.ActiveCfg = Release|Any CPU
		{15639439-E461-4B34-BA25-8CBC1318DD8E}.Release|x86.Build.0 = Release|Any CPU
		{12CE68F4-3E47-4619-A3C6-57CB1110B284}.Debug|Any CPU.ActiveCfg = Debug|Any CPU
		{12CE68F4-3E47-4619-A3C6-57CB1110B284}.Debug|Any CPU.Build.0 = Debug|Any CPU
		{12CE68F4-3E47-4619-A3C6-57CB1110B284}.Debug|x64.ActiveCfg = Debug|Any CPU
		{12CE68F4-3E47-4619-A3C6-57CB1110B284}.Debug|x64.Build.0 = Debug|Any CPU
		{12CE68F4-3E47-4619-A3C6-57CB1110B284}.Debug|x86.ActiveCfg = Debug|Any CPU
		{12CE68F4-3E47-4619-A3C6-57CB1110B284}.Debug|x86.Build.0 = Debug|Any CPU
		{12CE68F4-3E47-4619-A3C6-57CB1110B284}.Release|Any CPU.ActiveCfg = Release|Any CPU
		{12CE68F4-3E47-4619-A3C6-57CB1110B284}.Release|Any CPU.Build.0 = Release|Any CPU
		{12CE68F4-3E47-4619-A3C6-57CB1110B284}.Release|x64.ActiveCfg = Release|Any CPU
		{12CE68F4-3E47-4619-A3C6-57CB1110B284}.Release|x64.Build.0 = Release|Any CPU
		{12CE68F4-3E47-4619-A3C6-57CB1110B284}.Release|x86.ActiveCfg = Release|Any CPU
		{12CE68F4-3E47-4619-A3C6-57CB1110B284}.Release|x86.Build.0 = Release|Any CPU
		{84057EF9-82BD-4A0E-BEBD-580B068B1846}.Debug|Any CPU.ActiveCfg = Debug|Any CPU
		{84057EF9-82BD-4A0E-BEBD-580B068B1846}.Debug|Any CPU.Build.0 = Debug|Any CPU
		{84057EF9-82BD-4A0E-BEBD-580B068B1846}.Debug|x64.ActiveCfg = Debug|Any CPU
		{84057EF9-82BD-4A0E-BEBD-580B068B1846}.Debug|x64.Build.0 = Debug|Any CPU
		{84057EF9-82BD-4A0E-BEBD-580B068B1846}.Debug|x86.ActiveCfg = Debug|Any CPU
		{84057EF9-82BD-4A0E-BEBD-580B068B1846}.Debug|x86.Build.0 = Debug|Any CPU
		{84057EF9-82BD-4A0E-BEBD-580B068B1846}.Release|Any CPU.ActiveCfg = Release|Any CPU
		{84057EF9-82BD-4A0E-BEBD-580B068B1846}.Release|Any CPU.Build.0 = Release|Any CPU
		{84057EF9-82BD-4A0E-BEBD-580B068B1846}.Release|x64.ActiveCfg = Release|Any CPU
		{84057EF9-82BD-4A0E-BEBD-580B068B1846}.Release|x64.Build.0 = Release|Any CPU
		{84057EF9-82BD-4A0E-BEBD-580B068B1846}.Release|x86.ActiveCfg = Release|Any CPU
		{84057EF9-82BD-4A0E-BEBD-580B068B1846}.Release|x86.Build.0 = Release|Any CPU
		{C18BA9B0-B7CF-4901-B148-0B4F999EC0E6}.Debug|Any CPU.ActiveCfg = Debug|Any CPU
		{C18BA9B0-B7CF-4901-B148-0B4F999EC0E6}.Debug|Any CPU.Build.0 = Debug|Any CPU
		{C18BA9B0-B7CF-4901-B148-0B4F999EC0E6}.Debug|x64.ActiveCfg = Debug|Any CPU
		{C18BA9B0-B7CF-4901-B148-0B4F999EC0E6}.Debug|x64.Build.0 = Debug|Any CPU
		{C18BA9B0-B7CF-4901-B148-0B4F999EC0E6}.Debug|x86.ActiveCfg = Debug|Any CPU
		{C18BA9B0-B7CF-4901-B148-0B4F999EC0E6}.Debug|x86.Build.0 = Debug|Any CPU
		{C18BA9B0-B7CF-4901-B148-0B4F999EC0E6}.Release|Any CPU.ActiveCfg = Release|Any CPU
		{C18BA9B0-B7CF-4901-B148-0B4F999EC0E6}.Release|Any CPU.Build.0 = Release|Any CPU
		{C18BA9B0-B7CF-4901-B148-0B4F999EC0E6}.Release|x64.ActiveCfg = Release|Any CPU
		{C18BA9B0-B7CF-4901-B148-0B4F999EC0E6}.Release|x64.Build.0 = Release|Any CPU
		{C18BA9B0-B7CF-4901-B148-0B4F999EC0E6}.Release|x86.ActiveCfg = Release|Any CPU
		{C18BA9B0-B7CF-4901-B148-0B4F999EC0E6}.Release|x86.Build.0 = Release|Any CPU
		{D32250CF-3F57-41B4-BD06-73DE2C24009E}.Debug|Any CPU.ActiveCfg = Debug|Any CPU
		{D32250CF-3F57-41B4-BD06-73DE2C24009E}.Debug|Any CPU.Build.0 = Debug|Any CPU
		{D32250CF-3F57-41B4-BD06-73DE2C24009E}.Debug|x64.ActiveCfg = Debug|Any CPU
		{D32250CF-3F57-41B4-BD06-73DE2C24009E}.Debug|x64.Build.0 = Debug|Any CPU
		{D32250CF-3F57-41B4-BD06-73DE2C24009E}.Debug|x86.ActiveCfg = Debug|Any CPU
		{D32250CF-3F57-41B4-BD06-73DE2C24009E}.Debug|x86.Build.0 = Debug|Any CPU
		{D32250CF-3F57-41B4-BD06-73DE2C24009E}.Release|Any CPU.ActiveCfg = Release|Any CPU
		{D32250CF-3F57-41B4-BD06-73DE2C24009E}.Release|Any CPU.Build.0 = Release|Any CPU
		{D32250CF-3F57-41B4-BD06-73DE2C24009E}.Release|x64.ActiveCfg = Release|Any CPU
		{D32250CF-3F57-41B4-BD06-73DE2C24009E}.Release|x64.Build.0 = Release|Any CPU
		{D32250CF-3F57-41B4-BD06-73DE2C24009E}.Release|x86.ActiveCfg = Release|Any CPU
		{D32250CF-3F57-41B4-BD06-73DE2C24009E}.Release|x86.Build.0 = Release|Any CPU
		{8A4C2A0B-390C-45BE-9FAF-0B5D965AB448}.Debug|Any CPU.ActiveCfg = Debug|Any CPU
		{8A4C2A0B-390C-45BE-9FAF-0B5D965AB448}.Debug|Any CPU.Build.0 = Debug|Any CPU
		{8A4C2A0B-390C-45BE-9FAF-0B5D965AB448}.Debug|x64.ActiveCfg = Debug|Any CPU
		{8A4C2A0B-390C-45BE-9FAF-0B5D965AB448}.Debug|x64.Build.0 = Debug|Any CPU
		{8A4C2A0B-390C-45BE-9FAF-0B5D965AB448}.Debug|x86.ActiveCfg = Debug|Any CPU
		{8A4C2A0B-390C-45BE-9FAF-0B5D965AB448}.Debug|x86.Build.0 = Debug|Any CPU
		{8A4C2A0B-390C-45BE-9FAF-0B5D965AB448}.Release|Any CPU.ActiveCfg = Release|Any CPU
		{8A4C2A0B-390C-45BE-9FAF-0B5D965AB448}.Release|Any CPU.Build.0 = Release|Any CPU
		{8A4C2A0B-390C-45BE-9FAF-0B5D965AB448}.Release|x64.ActiveCfg = Release|Any CPU
		{8A4C2A0B-390C-45BE-9FAF-0B5D965AB448}.Release|x64.Build.0 = Release|Any CPU
		{8A4C2A0B-390C-45BE-9FAF-0B5D965AB448}.Release|x86.ActiveCfg = Release|Any CPU
		{8A4C2A0B-390C-45BE-9FAF-0B5D965AB448}.Release|x86.Build.0 = Release|Any CPU
	EndGlobalSection
	GlobalSection(SolutionProperties) = preSolution
		HideSolutionNode = FALSE
	EndGlobalSection
	GlobalSection(NestedProjects) = preSolution
		{04E83FD1-B11F-4A2C-8B07-97F8B1ADE0B4} = {881589EE-639B-0A35-DBCE-5D94E4FC90C0}
		{A1642D14-9890-4A50-AC5C-4B4CBD7B6EF1} = {881589EE-639B-0A35-DBCE-5D94E4FC90C0}
		{8F9ADDAB-A1A3-46CF-83D9-D360D7304F75} = {881589EE-639B-0A35-DBCE-5D94E4FC90C0}
		{33774A62-0281-4F49-9C6A-678D7C76467B} = {881589EE-639B-0A35-DBCE-5D94E4FC90C0}
		{ECD8BABE-09E9-437C-8618-D0CAA672F0F7} = {881589EE-639B-0A35-DBCE-5D94E4FC90C0}
		{BFF2DF6E-AA54-47C7-211F-79ACCBB4577C} = {827E0CD3-B72D-47B6-A68D-7590B98EB39B}
		{59A4E699-A5C7-4FC0-997D-45A963922E2B} = {BFF2DF6E-AA54-47C7-211F-79ACCBB4577C}
		{5FC1494C-0D8C-79D1-FFF2-37E95F57AB9F} = {827E0CD3-B72D-47B6-A68D-7590B98EB39B}
		{84F6C814-B7B0-413C-902E-BBF84FDC6FB4} = {5FC1494C-0D8C-79D1-FFF2-37E95F57AB9F}
		{63882A7C-90E5-DEE3-63BB-E6ABDBC8A365} = {827E0CD3-B72D-47B6-A68D-7590B98EB39B}
		{C4264D57-3E30-4A98-AF65-58280A874F53} = {63882A7C-90E5-DEE3-63BB-E6ABDBC8A365}
		{984BB9B3-3FA3-BE33-9484-CAC21695A33C} = {827E0CD3-B72D-47B6-A68D-7590B98EB39B}
		{374CED38-7421-B0F7-DFE2-3AF3B9F49E7C} = {984BB9B3-3FA3-BE33-9484-CAC21695A33C}
		{BED58913-D17A-43FA-8A34-E62EEF922AEC} = {374CED38-7421-B0F7-DFE2-3AF3B9F49E7C}
		{4051F2B8-18ED-40C3-A1B6-DA3CA922CA9D} = {374CED38-7421-B0F7-DFE2-3AF3B9F49E7C}
		{AE6146DB-BFE6-40DF-8F02-6C670890BFB0} = {374CED38-7421-B0F7-DFE2-3AF3B9F49E7C}
		{6544F0D3-F51B-4495-BC51-DF41B64F0E67} = {374CED38-7421-B0F7-DFE2-3AF3B9F49E7C}
		{B851199A-4979-E597-3D50-97AC5992BBAF} = {984BB9B3-3FA3-BE33-9484-CAC21695A33C}
		{15639439-E461-4B34-BA25-8CBC1318DD8E} = {B851199A-4979-E597-3D50-97AC5992BBAF}
		{12CE68F4-3E47-4619-A3C6-57CB1110B284} = {B851199A-4979-E597-3D50-97AC5992BBAF}
		{84057EF9-82BD-4A0E-BEBD-580B068B1846} = {B851199A-4979-E597-3D50-97AC5992BBAF}
		{C18BA9B0-B7CF-4901-B148-0B4F999EC0E6} = {B851199A-4979-E597-3D50-97AC5992BBAF}
		{D32250CF-3F57-41B4-BD06-73DE2C24009E} = {0AB3BF05-4346-4AA6-1389-037BE0695223}
		{C5FBE174-8E0F-F5A3-B929-8BD0C55C0A32} = {984BB9B3-3FA3-BE33-9484-CAC21695A33C}
		{8A4C2A0B-390C-45BE-9FAF-0B5D965AB448} = {C5FBE174-8E0F-F5A3-B929-8BD0C55C0A32}
	EndGlobalSection
EndGlobal
